
Microsoft Visual Studio Solution File, Format Version 12.00
# Visual Studio Version 17
VisualStudioVersion = 17.9.34622.214
MinimumVisualStudioVersion = 10.0.40219.1
Project("{2150E333-8FDC-42A3-9474-1A3956D46DE8}") = "Services", "Services", "{48E05F82-DE1D-4158-B14B-165BF281D258}"
EndProject
Project("{2150E333-8FDC-42A3-9474-1A3956D46DE8}") = "Catalog", "Catalog", "{E0CD4B2B-3B83-4D4C-A30D-1DD732EFC988}"
EndProject
Project("{9A19103F-16F7-4668-BE54-9A1E7A4F7556}") = "MultiShop.Catalog", "Services\Catalog\MultiShop.Catalog\MultiShop.Catalog.csproj", "{7CDAE8B8-5DF0-4B5A-AF53-9AB9ED3BEEC3}"
EndProject
Project("{2150E333-8FDC-42A3-9474-1A3956D46DE8}") = "Discount", "Discount", "{61CE4063-81A5-4286-A613-DCACBB52CE57}"
EndProject
Project("{9A19103F-16F7-4668-BE54-9A1E7A4F7556}") = "MultiShop.Discount", "Services\Discount\MultiShop.Discount\MultiShop.Discount.csproj", "{E0C527B7-D221-4A80-93F1-2FFFC607173A}"
EndProject
Project("{2150E333-8FDC-42A3-9474-1A3956D46DE8}") = "Order", "Order", "{8630C973-B5DC-4B01-AA44-95F566477269}"
EndProject
Project("{2150E333-8FDC-42A3-9474-1A3956D46DE8}") = "Core", "Core", "{9C2CDFA3-35E1-4D9A-8339-0FC76F4950D7}"
EndProject
Project("{2150E333-8FDC-42A3-9474-1A3956D46DE8}") = "Infrastructure", "Infrastructure", "{F7A6CE84-3EE8-430D-B91E-C6C3A85B76DA}"
EndProject
Project("{2150E333-8FDC-42A3-9474-1A3956D46DE8}") = "Presentation", "Presentation", "{D9F08610-07C8-4FA1-8067-75036C5F83AB}"
EndProject
Project("{9A19103F-16F7-4668-BE54-9A1E7A4F7556}") = "MultiShop.Order.Domain", "Services\Order\Core\MultiShop.Order.Domain\MultiShop.Order.Domain.csproj", "{0AD0A9B1-66D0-4E3B-9941-2C077678D592}"
EndProject
Project("{9A19103F-16F7-4668-BE54-9A1E7A4F7556}") = "MultiShop.Order.Application", "Services\Order\Core\MultiShop.Order.Application\MultiShop.Order.Application.csproj", "{917519A6-94B6-44E6-98DD-37130B7AA500}"
EndProject
Project("{9A19103F-16F7-4668-BE54-9A1E7A4F7556}") = "MultiShop.Order.Persistence", "Services\Order\Infrastructure\MultiShop.Order.Persistence\MultiShop.Order.Persistence.csproj", "{0C74AB20-83C3-40CF-8E33-155463376EDE}"
EndProject
Project("{9A19103F-16F7-4668-BE54-9A1E7A4F7556}") = "MultiShop.Order.WebApi", "Services\Order\Presentation\MultiShop.Order.WebApi\MultiShop.Order.WebApi.csproj", "{F7C0A464-29AF-4AF5-9627-B8F78E2D5941}"
EndProject
Global
	GlobalSection(SolutionConfigurationPlatforms) = preSolution
		Debug|Any CPU = Debug|Any CPU
		Release|Any CPU = Release|Any CPU
	EndGlobalSection
	GlobalSection(ProjectConfigurationPlatforms) = postSolution
		{7CDAE8B8-5DF0-4B5A-AF53-9AB9ED3BEEC3}.Debug|Any CPU.ActiveCfg = Debug|Any CPU
		{7CDAE8B8-5DF0-4B5A-AF53-9AB9ED3BEEC3}.Debug|Any CPU.Build.0 = Debug|Any CPU
		{7CDAE8B8-5DF0-4B5A-AF53-9AB9ED3BEEC3}.Release|Any CPU.ActiveCfg = Release|Any CPU
		{7CDAE8B8-5DF0-4B5A-AF53-9AB9ED3BEEC3}.Release|Any CPU.Build.0 = Release|Any CPU
		{E0C527B7-D221-4A80-93F1-2FFFC607173A}.Debug|Any CPU.ActiveCfg = Debug|Any CPU
		{E0C527B7-D221-4A80-93F1-2FFFC607173A}.Debug|Any CPU.Build.0 = Debug|Any CPU
		{E0C527B7-D221-4A80-93F1-2FFFC607173A}.Release|Any CPU.ActiveCfg = Release|Any CPU
		{E0C527B7-D221-4A80-93F1-2FFFC607173A}.Release|Any CPU.Build.0 = Release|Any CPU
		{0AD0A9B1-66D0-4E3B-9941-2C077678D592}.Debug|Any CPU.ActiveCfg = Debug|Any CPU
		{0AD0A9B1-66D0-4E3B-9941-2C077678D592}.Debug|Any CPU.Build.0 = Debug|Any CPU
		{0AD0A9B1-66D0-4E3B-9941-2C077678D592}.Release|Any CPU.ActiveCfg = Release|Any CPU
		{0AD0A9B1-66D0-4E3B-9941-2C077678D592}.Release|Any CPU.Build.0 = Release|Any CPU
		{917519A6-94B6-44E6-98DD-37130B7AA500}.Debug|Any CPU.ActiveCfg = Debug|Any CPU
		{917519A6-94B6-44E6-98DD-37130B7AA500}.Debug|Any CPU.Build.0 = Debug|Any CPU
		{917519A6-94B6-44E6-98DD-37130B7AA500}.Release|Any CPU.ActiveCfg = Release|Any CPU
		{917519A6-94B6-44E6-98DD-37130B7AA500}.Release|Any CPU.Build.0 = Release|Any CPU
		{0C74AB20-83C3-40CF-8E33-155463376EDE}.Debug|Any CPU.ActiveCfg = Debug|Any CPU
		{0C74AB20-83C3-40CF-8E33-155463376EDE}.Debug|Any CPU.Build.0 = Debug|Any CPU
		{0C74AB20-83C3-40CF-8E33-155463376EDE}.Release|Any CPU.ActiveCfg = Release|Any CPU
		{0C74AB20-83C3-40CF-8E33-155463376EDE}.Release|Any CPU.Build.0 = Release|Any CPU
		{F7C0A464-29AF-4AF5-9627-B8F78E2D5941}.Debug|Any CPU.ActiveCfg = Debug|Any CPU
		{F7C0A464-29AF-4AF5-9627-B8F78E2D5941}.Debug|Any CPU.Build.0 = Debug|Any CPU
		{F7C0A464-29AF-4AF5-9627-B8F78E2D5941}.Release|Any CPU.ActiveCfg = Release|Any CPU
		{F7C0A464-29AF-4AF5-9627-B8F78E2D5941}.Release|Any CPU.Build.0 = Release|Any CPU
	EndGlobalSection
	GlobalSection(SolutionProperties) = preSolution
		HideSolutionNode = FALSE
	EndGlobalSection
	GlobalSection(NestedProjects) = preSolution
		{E0CD4B2B-3B83-4D4C-A30D-1DD732EFC988} = {48E05F82-DE1D-4158-B14B-165BF281D258}
		{7CDAE8B8-5DF0-4B5A-AF53-9AB9ED3BEEC3} = {E0CD4B2B-3B83-4D4C-A30D-1DD732EFC988}
		{61CE4063-81A5-4286-A613-DCACBB52CE57} = {48E05F82-DE1D-4158-B14B-165BF281D258}
		{E0C527B7-D221-4A80-93F1-2FFFC607173A} = {61CE4063-81A5-4286-A613-DCACBB52CE57}
		{8630C973-B5DC-4B01-AA44-95F566477269} = {48E05F82-DE1D-4158-B14B-165BF281D258}
		{9C2CDFA3-35E1-4D9A-8339-0FC76F4950D7} = {8630C973-B5DC-4B01-AA44-95F566477269}
		{F7A6CE84-3EE8-430D-B91E-C6C3A85B76DA} = {8630C973-B5DC-4B01-AA44-95F566477269}
		{D9F08610-07C8-4FA1-8067-75036C5F83AB} = {8630C973-B5DC-4B01-AA44-95F566477269}
		{0AD0A9B1-66D0-4E3B-9941-2C077678D592} = {9C2CDFA3-35E1-4D9A-8339-0FC76F4950D7}
		{917519A6-94B6-44E6-98DD-37130B7AA500} = {9C2CDFA3-35E1-4D9A-8339-0FC76F4950D7}
		{0C74AB20-83C3-40CF-8E33-155463376EDE} = {F7A6CE84-3EE8-430D-B91E-C6C3A85B76DA}
		{F7C0A464-29AF-4AF5-9627-B8F78E2D5941} = {D9F08610-07C8-4FA1-8067-75036C5F83AB}
	EndGlobalSection
	GlobalSection(ExtensibilityGlobals) = postSolution
		SolutionGuid = {954E7B75-5D21-45AF-946C-C446E88138CE}
	EndGlobalSection
EndGlobal
